
Microsoft Visual Studio Solution File, Format Version 12.00
# Visual Studio Version 17
VisualStudioVersion = 17.1.32210.238
MinimumVisualStudioVersion = 10.0.40219.1
Project("{FAE04EC0-301F-11D3-BF4B-00C04F79EFBC}") = "Bank_Management_System", "Bank_Management_System.csproj", "{13715881-E36B-4470-9288-6AFAC5207AFB}"
EndProject
Global
	GlobalSection(SolutionConfigurationPlatforms) = preSolution
		Debug|Any CPU = Debug|Any CPU
		Release|Any CPU = Release|Any CPU
	EndGlobalSection
	GlobalSection(ProjectConfigurationPlatforms) = postSolution
		{13715881-E36B-4470-9288-6AFAC5207AFB}.Debug|Any CPU.ActiveCfg = Debug|Any CPU
		{13715881-E36B-4470-9288-6AFAC5207AFB}.Debug|Any CPU.Build.0 = Debug|Any CPU
		{13715881-E36B-4470-9288-6AFAC5207AFB}.Release|Any CPU.ActiveCfg = Release|Any CPU
		{13715881-E36B-4470-9288-6AFAC5207AFB}.Release|Any CPU.Build.0 = Release|Any CPU
	EndGlobalSection
	GlobalSection(SolutionProperties) = preSolution
		HideSolutionNode = FALSE
	EndGlobalSection
	GlobalSection(ExtensibilityGlobals) = postSolution
		SolutionGuid = {7103595B-4DBA-4C0F-B722-FEC024A42105}
	EndGlobalSection
EndGlobal
